
Microsoft Visual Studio Solution File, Format Version 12.00
# Visual Studio 2013
VisualStudioVersion = 12.0.30723.0
MinimumVisualStudioVersion = 10.0.40219.1
Project("{F5034706-568F-408A-B7B3-4D38C6DB8A32}") = "GitPullModule", "GitPullModule.pssproj", "{19FF6870-B3A8-46E2-8425-82E922DA2B64}"
EndProject
Global
	GlobalSection(SolutionConfigurationPlatforms) = preSolution
		Debug|Any CPU = Debug|Any CPU
		Release|Any CPU = Release|Any CPU
	EndGlobalSection
	GlobalSection(ProjectConfigurationPlatforms) = postSolution
		{19FF6870-B3A8-46E2-8425-82E922DA2B64}.Debug|Any CPU.ActiveCfg = Debug|Any CPU
		{19FF6870-B3A8-46E2-8425-82E922DA2B64}.Debug|Any CPU.Build.0 = Debug|Any CPU
		{19FF6870-B3A8-46E2-8425-82E922DA2B64}.Release|Any CPU.ActiveCfg = Release|Any CPU
		{19FF6870-B3A8-46E2-8425-82E922DA2B64}.Release|Any CPU.Build.0 = Release|Any CPU
	EndGlobalSection
	GlobalSection(SolutionProperties) = preSolution
		HideSolutionNode = FALSE
	EndGlobalSection
EndGlobal
